
Microsoft Visual Studio Solution File, Format Version 12.00
# Visual Studio Version 16
VisualStudioVersion = 16.0.31205.134
MinimumVisualStudioVersion = 10.0.40219.1
Project("{FAE04EC0-301F-11D3-BF4B-00C04F79EFBC}") = "BlurLib", "BlurLib\BlurLib.csproj", "{B408209D-69BB-47E3-BC08-513B37B968CA}"
EndProject
Global
	GlobalSection(SolutionConfigurationPlatforms) = preSolution
		Debug|Any CPU = Debug|Any CPU
		Release|Any CPU = Release|Any CPU
	EndGlobalSection
	GlobalSection(ProjectConfigurationPlatforms) = postSolution
		{B408209D-69BB-47E3-BC08-513B37B968CA}.Debug|Any CPU.ActiveCfg = Debug|Any CPU
		{B408209D-69BB-47E3-BC08-513B37B968CA}.Debug|Any CPU.Build.0 = Debug|Any CPU
		{B408209D-69BB-47E3-BC08-513B37B968CA}.Release|Any CPU.ActiveCfg = Release|Any CPU
		{B408209D-69BB-47E3-BC08-513B37B968CA}.Release|Any CPU.Build.0 = Release|Any CPU
	EndGlobalSection
	GlobalSection(SolutionProperties) = preSolution
		HideSolutionNode = FALSE
	EndGlobalSection
	GlobalSection(ExtensibilityGlobals) = postSolution
		SolutionGuid = {6918EF4A-5A37-40F3-9FA2-0C7D0250C71C}
	EndGlobalSection
EndGlobal
